
Microsoft Visual Studio Solution File, Format Version 12.00
# Visual Studio Version 17
VisualStudioVersion = 17.10.35027.167
MinimumVisualStudioVersion = 10.0.40219.1
Project("{9A19103F-16F7-4668-BE54-9A1E7A4F7556}") = "GOES.API", "GOES.API.csproj", "{7ED68BC5-8384-496E-A0EF-78AE4DCE810F}"
EndProject
Project("{FAE04EC0-301F-11D3-BF4B-00C04F79EFBC}") = "AP190139_RL190301.Test", "..\AP190139_RL190301.Test\AP190139_RL190301.Test.csproj", "{099BFE59-09B4-49AF-A75A-50EBE1348712}"
EndProject
Global
	GlobalSection(SolutionConfigurationPlatforms) = preSolution
		Debug|Any CPU = Debug|Any CPU
		Release|Any CPU = Release|Any CPU
	EndGlobalSection
	GlobalSection(ProjectConfigurationPlatforms) = postSolution
		{7ED68BC5-8384-496E-A0EF-78AE4DCE810F}.Debug|Any CPU.ActiveCfg = Debug|Any CPU
		{7ED68BC5-8384-496E-A0EF-78AE4DCE810F}.Debug|Any CPU.Build.0 = Debug|Any CPU
		{7ED68BC5-8384-496E-A0EF-78AE4DCE810F}.Release|Any CPU.ActiveCfg = Release|Any CPU
		{7ED68BC5-8384-496E-A0EF-78AE4DCE810F}.Release|Any CPU.Build.0 = Release|Any CPU
		{099BFE59-09B4-49AF-A75A-50EBE1348712}.Debug|Any CPU.ActiveCfg = Debug|Any CPU
		{099BFE59-09B4-49AF-A75A-50EBE1348712}.Debug|Any CPU.Build.0 = Debug|Any CPU
		{099BFE59-09B4-49AF-A75A-50EBE1348712}.Release|Any CPU.ActiveCfg = Release|Any CPU
		{099BFE59-09B4-49AF-A75A-50EBE1348712}.Release|Any CPU.Build.0 = Release|Any CPU
	EndGlobalSection
	GlobalSection(SolutionProperties) = preSolution
		HideSolutionNode = FALSE
	EndGlobalSection
	GlobalSection(ExtensibilityGlobals) = postSolution
		SolutionGuid = {91D03633-0F82-4282-95E0-4F06C5845693}
	EndGlobalSection
EndGlobal
